
Microsoft Visual Studio Solution File, Format Version 12.00
# Visual Studio Version 17
VisualStudioVersion = 17.12.35417.141
MinimumVisualStudioVersion = 10.0.40219.1
Project("{FAE04EC0-301F-11D3-BF4B-00C04F79EFBC}") = "Mtf.Controls", "Mtf.Controls\Mtf.Controls.csproj", "{2E47B360-78B3-4B0D-A68D-4C4F928ED1C1}"
EndProject
Project("{FAE04EC0-301F-11D3-BF4B-00C04F79EFBC}") = "Mtf.Controls.Test", "Mtf.Controls.Test\Mtf.Controls.Test.csproj", "{47BA6240-C068-4A9A-9FB2-7F8C5BEDCE99}"
EndProject
Project("{2150E333-8FDC-42A3-9474-1A3956D46DE8}") = "Solution Items", "Solution Items", "{D0F6F5F8-22B0-4B9E-AF46-78DF60449C08}"
	ProjectSection(SolutionItems) = preProject
		ReadMe.md = ReadMe.md
	EndProjectSection
EndProject
Project("{FAE04EC0-301F-11D3-BF4B-00C04F79EFBC}") = "Mtf.Controls.Video.Legacy.Test", "Mtf.Controls.Video.Legacy.Test\Mtf.Controls.Video.Legacy.Test.csproj", "{B3371FE7-5423-469F-BAAB-12F5BCE53D05}"
EndProject
Project("{FAE04EC0-301F-11D3-BF4B-00C04F79EFBC}") = "Mtf.Controls.Video.Legacy", "Mtf.Controls.Video.Legacy\Mtf.Controls.Video.Legacy.csproj", "{62F84B61-B567-41BD-8826-0D8175FDFBF9}"
EndProject
Project("{FAE04EC0-301F-11D3-BF4B-00C04F79EFBC}") = "Mtf.Controls.Video.ActiveX", "Mtf.Controls.Video.ActiveX\Mtf.Controls.Video.ActiveX.csproj", "{E21CA18B-9171-42E5-B27D-0D2EC381A8C2}"
EndProject
Project("{FAE04EC0-301F-11D3-BF4B-00C04F79EFBC}") = "Mtf.Controls.Video.ActiveX.Test", "Mtf.Controls.Video.ActiveX.Test\Mtf.Controls.Video.ActiveX.Test.csproj", "{D49AB670-918C-4464-B7FF-0628185B4DDB}"
EndProject
Project("{FAE04EC0-301F-11D3-BF4B-00C04F79EFBC}") = "Mtf.Controls.Video", "Mtf.Controls.Video\Mtf.Controls.Video.csproj", "{0248F22C-5ACF-4CF0-8E83-2A4A5B9925D5}"
EndProject
Project("{FAE04EC0-301F-11D3-BF4B-00C04F79EFBC}") = "Mtf.Controls.Video.FFmpeg", "Mtf.Controls.Video.FFmpeg\Mtf.Controls.Video.FFmpeg.csproj", "{17F8CCD0-4632-4F76-AACA-03A099BC9B3B}"
EndProject
Project("{FAE04EC0-301F-11D3-BF4B-00C04F79EFBC}") = "Mtf.Controls.Video.OpenCvSharp", "Mtf.Controls.Video.OpenCvSharp\Mtf.Controls.Video.OpenCvSharp.csproj", "{8F62A6A7-80F9-4D54-9E95-A12EDD5C10DC}"
EndProject
Project("{FAE04EC0-301F-11D3-BF4B-00C04F79EFBC}") = "Mtf.Controls.Video.VLC", "Mtf.Controls.Video.VLC\Mtf.Controls.Video.VLC.csproj", "{7918721B-BA10-477A-B03F-A2B234F90A7F}"
EndProject
Project("{FAE04EC0-301F-11D3-BF4B-00C04F79EFBC}") = "Mtf.Controls.Interfaces", "Mtf.Controls.Interfaces\Mtf.Controls.Interfaces.csproj", "{FFFDCE5F-D9CB-4BF3-82F6-F3EB3C47C0A0}"
EndProject
Project("{FAE04EC0-301F-11D3-BF4B-00C04F79EFBC}") = "Mtf.Controls.Video.Chromium", "Mtf.Controls.Video.Chromium\Mtf.Controls.Video.Chromium.csproj", "{5DCB4F47-44C1-4910-B908-45D1CC5C4D9B}"
EndProject
Global
	GlobalSection(SolutionConfigurationPlatforms) = preSolution
		Debug|Any CPU = Debug|Any CPU
		Release|Any CPU = Release|Any CPU
	EndGlobalSection
	GlobalSection(ProjectConfigurationPlatforms) = postSolution
		{2E47B360-78B3-4B0D-A68D-4C4F928ED1C1}.Debug|Any CPU.ActiveCfg = Debug|Any CPU
		{2E47B360-78B3-4B0D-A68D-4C4F928ED1C1}.Debug|Any CPU.Build.0 = Debug|Any CPU
		{2E47B360-78B3-4B0D-A68D-4C4F928ED1C1}.Release|Any CPU.ActiveCfg = Release|Any CPU
		{2E47B360-78B3-4B0D-A68D-4C4F928ED1C1}.Release|Any CPU.Build.0 = Release|Any CPU
		{47BA6240-C068-4A9A-9FB2-7F8C5BEDCE99}.Debug|Any CPU.ActiveCfg = Debug|Any CPU
		{47BA6240-C068-4A9A-9FB2-7F8C5BEDCE99}.Debug|Any CPU.Build.0 = Debug|Any CPU
		{47BA6240-C068-4A9A-9FB2-7F8C5BEDCE99}.Release|Any CPU.ActiveCfg = Release|Any CPU
		{47BA6240-C068-4A9A-9FB2-7F8C5BEDCE99}.Release|Any CPU.Build.0 = Release|Any CPU
		{B3371FE7-5423-469F-BAAB-12F5BCE53D05}.Debug|Any CPU.ActiveCfg = Debug|Any CPU
		{B3371FE7-5423-469F-BAAB-12F5BCE53D05}.Debug|Any CPU.Build.0 = Debug|Any CPU
		{B3371FE7-5423-469F-BAAB-12F5BCE53D05}.Release|Any CPU.ActiveCfg = Release|Any CPU
		{B3371FE7-5423-469F-BAAB-12F5BCE53D05}.Release|Any CPU.Build.0 = Release|Any CPU
		{62F84B61-B567-41BD-8826-0D8175FDFBF9}.Debug|Any CPU.ActiveCfg = Debug|Any CPU
		{62F84B61-B567-41BD-8826-0D8175FDFBF9}.Debug|Any CPU.Build.0 = Debug|Any CPU
		{62F84B61-B567-41BD-8826-0D8175FDFBF9}.Release|Any CPU.ActiveCfg = Release|Any CPU
		{62F84B61-B567-41BD-8826-0D8175FDFBF9}.Release|Any CPU.Build.0 = Release|Any CPU
		{E21CA18B-9171-42E5-B27D-0D2EC381A8C2}.Debug|Any CPU.ActiveCfg = Debug|Any CPU
		{E21CA18B-9171-42E5-B27D-0D2EC381A8C2}.Debug|Any CPU.Build.0 = Debug|Any CPU
		{E21CA18B-9171-42E5-B27D-0D2EC381A8C2}.Release|Any CPU.ActiveCfg = Release|Any CPU
		{E21CA18B-9171-42E5-B27D-0D2EC381A8C2}.Release|Any CPU.Build.0 = Release|Any CPU
		{D49AB670-918C-4464-B7FF-0628185B4DDB}.Debug|Any CPU.ActiveCfg = Debug|Any CPU
		{D49AB670-918C-4464-B7FF-0628185B4DDB}.Debug|Any CPU.Build.0 = Debug|Any CPU
		{D49AB670-918C-4464-B7FF-0628185B4DDB}.Release|Any CPU.ActiveCfg = Release|Any CPU
		{D49AB670-918C-4464-B7FF-0628185B4DDB}.Release|Any CPU.Build.0 = Release|Any CPU
		{0248F22C-5ACF-4CF0-8E83-2A4A5B9925D5}.Debug|Any CPU.ActiveCfg = Debug|Any CPU
		{0248F22C-5ACF-4CF0-8E83-2A4A5B9925D5}.Debug|Any CPU.Build.0 = Debug|Any CPU
		{0248F22C-5ACF-4CF0-8E83-2A4A5B9925D5}.Release|Any CPU.ActiveCfg = Release|Any CPU
		{0248F22C-5ACF-4CF0-8E83-2A4A5B9925D5}.Release|Any CPU.Build.0 = Release|Any CPU
		{17F8CCD0-4632-4F76-AACA-03A099BC9B3B}.Debug|Any CPU.ActiveCfg = Debug|Any CPU
		{17F8CCD0-4632-4F76-AACA-03A099BC9B3B}.Debug|Any CPU.Build.0 = Debug|Any CPU
		{17F8CCD0-4632-4F76-AACA-03A099BC9B3B}.Release|Any CPU.ActiveCfg = Release|Any CPU
		{17F8CCD0-4632-4F76-AACA-03A099BC9B3B}.Release|Any CPU.Build.0 = Release|Any CPU
		{8F62A6A7-80F9-4D54-9E95-A12EDD5C10DC}.Debug|Any CPU.ActiveCfg = Debug|Any CPU
		{8F62A6A7-80F9-4D54-9E95-A12EDD5C10DC}.Debug|Any CPU.Build.0 = Debug|Any CPU
		{8F62A6A7-80F9-4D54-9E95-A12EDD5C10DC}.Release|Any CPU.ActiveCfg = Release|Any CPU
		{8F62A6A7-80F9-4D54-9E95-A12EDD5C10DC}.Release|Any CPU.Build.0 = Release|Any CPU
		{7918721B-BA10-477A-B03F-A2B234F90A7F}.Debug|Any CPU.ActiveCfg = Debug|Any CPU
		{7918721B-BA10-477A-B03F-A2B234F90A7F}.Debug|Any CPU.Build.0 = Debug|Any CPU
		{7918721B-BA10-477A-B03F-A2B234F90A7F}.Release|Any CPU.ActiveCfg = Release|Any CPU
		{7918721B-BA10-477A-B03F-A2B234F90A7F}.Release|Any CPU.Build.0 = Release|Any CPU
		{FFFDCE5F-D9CB-4BF3-82F6-F3EB3C47C0A0}.Debug|Any CPU.ActiveCfg = Debug|Any CPU
		{FFFDCE5F-D9CB-4BF3-82F6-F3EB3C47C0A0}.Debug|Any CPU.Build.0 = Debug|Any CPU
		{FFFDCE5F-D9CB-4BF3-82F6-F3EB3C47C0A0}.Release|Any CPU.ActiveCfg = Release|Any CPU
		{FFFDCE5F-D9CB-4BF3-82F6-F3EB3C47C0A0}.Release|Any CPU.Build.0 = Release|Any CPU
		{5DCB4F47-44C1-4910-B908-45D1CC5C4D9B}.Debug|Any CPU.ActiveCfg = Debug|Any CPU
		{5DCB4F47-44C1-4910-B908-45D1CC5C4D9B}.Debug|Any CPU.Build.0 = Debug|Any CPU
		{5DCB4F47-44C1-4910-B908-45D1CC5C4D9B}.Release|Any CPU.ActiveCfg = Release|Any CPU
		{5DCB4F47-44C1-4910-B908-45D1CC5C4D9B}.Release|Any CPU.Build.0 = Release|Any CPU
	EndGlobalSection
	GlobalSection(SolutionProperties) = preSolution
		HideSolutionNode = FALSE
	EndGlobalSection
	GlobalSection(ExtensibilityGlobals) = postSolution
		SolutionGuid = {71FE87A0-EA54-487E-A18B-78AE23D68E20}
	EndGlobalSection
EndGlobal
